
Microsoft Visual Studio Solution File, Format Version 12.00
# Visual Studio 2013
VisualStudioVersion = 12.0.40629.0
MinimumVisualStudioVersion = 10.0.40219.1
Project("{FAE04EC0-301F-11D3-BF4B-00C04F79EFBC}") = "VendingMachine", "VendingMachine\VendingMachine.csproj", "{EEC82A74-2E49-4205-8AB0-40ED7435DC5A}"
EndProject
Project("{FAE04EC0-301F-11D3-BF4B-00C04F79EFBC}") = "VendingMachine.Tests", "VendingMachine.Tests\VendingMachine.Tests.csproj", "{D1048BC2-5A24-4722-83CC-B6BC00D44D3B}"
EndProject
Project("{FAE04EC0-301F-11D3-BF4B-00C04F79EFBC}") = "VendingMachineBL", "VendingMachineBL\VendingMachineBL.csproj", "{9B5249A5-B776-48EB-A81C-D3C6AED7B1A3}"
EndProject
Project("{FAE04EC0-301F-11D3-BF4B-00C04F79EFBC}") = "VendingMachineBL.Tests", "VendingMachineBL.Tests\VendingMachineBL.Tests.csproj", "{1B676F7A-09F7-45E5-8F28-AAA9B2CAD2BF}"
EndProject
Global
	GlobalSection(SolutionConfigurationPlatforms) = preSolution
		Debug|Any CPU = Debug|Any CPU
		Release|Any CPU = Release|Any CPU
	EndGlobalSection
	GlobalSection(ProjectConfigurationPlatforms) = postSolution
		{EEC82A74-2E49-4205-8AB0-40ED7435DC5A}.Debug|Any CPU.ActiveCfg = Debug|Any CPU
		{EEC82A74-2E49-4205-8AB0-40ED7435DC5A}.Debug|Any CPU.Build.0 = Debug|Any CPU
		{EEC82A74-2E49-4205-8AB0-40ED7435DC5A}.Release|Any CPU.ActiveCfg = Release|Any CPU
		{EEC82A74-2E49-4205-8AB0-40ED7435DC5A}.Release|Any CPU.Build.0 = Release|Any CPU
		{D1048BC2-5A24-4722-83CC-B6BC00D44D3B}.Debug|Any CPU.ActiveCfg = Debug|Any CPU
		{D1048BC2-5A24-4722-83CC-B6BC00D44D3B}.Debug|Any CPU.Build.0 = Debug|Any CPU
		{D1048BC2-5A24-4722-83CC-B6BC00D44D3B}.Release|Any CPU.ActiveCfg = Release|Any CPU
		{D1048BC2-5A24-4722-83CC-B6BC00D44D3B}.Release|Any CPU.Build.0 = Release|Any CPU
		{9B5249A5-B776-48EB-A81C-D3C6AED7B1A3}.Debug|Any CPU.ActiveCfg = Debug|Any CPU
		{9B5249A5-B776-48EB-A81C-D3C6AED7B1A3}.Debug|Any CPU.Build.0 = Debug|Any CPU
		{9B5249A5-B776-48EB-A81C-D3C6AED7B1A3}.Release|Any CPU.ActiveCfg = Release|Any CPU
		{9B5249A5-B776-48EB-A81C-D3C6AED7B1A3}.Release|Any CPU.Build.0 = Release|Any CPU
		{1B676F7A-09F7-45E5-8F28-AAA9B2CAD2BF}.Debug|Any CPU.ActiveCfg = Debug|Any CPU
		{1B676F7A-09F7-45E5-8F28-AAA9B2CAD2BF}.Debug|Any CPU.Build.0 = Debug|Any CPU
		{1B676F7A-09F7-45E5-8F28-AAA9B2CAD2BF}.Release|Any CPU.ActiveCfg = Release|Any CPU
		{1B676F7A-09F7-45E5-8F28-AAA9B2CAD2BF}.Release|Any CPU.Build.0 = Release|Any CPU
	EndGlobalSection
	GlobalSection(SolutionProperties) = preSolution
		HideSolutionNode = FALSE
	EndGlobalSection
EndGlobal
